Microsoft Visual Studio Solution File, Format Version 12.00
# Visual Studio Version 17
VisualStudioVersion = 17.5.2.0
MinimumVisualStudioVersion = 10.0.40219.1
Project("{FAE04EC0-301F-11D3-BF4B-00C04F79EFBC}") = "Logof Client", "Logof Client\Logof Client.csproj", "{60979247-F2F8-40E2-7237-CE57C6F084DB}"
EndProject
Global
	GlobalSection(SolutionConfigurationPlatforms) = preSolution
		Debug|Any CPU = Debug|Any CPU
		Release|Any CPU = Release|Any CPU
	EndGlobalSection
	GlobalSection(ProjectConfigurationPlatforms) = postSolution
		{60979247-F2F8-40E2-7237-CE57C6F084DB}.Debug|Any CPU.ActiveCfg = Debug|Any CPU
		{60979247-F2F8-40E2-7237-CE57C6F084DB}.Debug|Any CPU.Build.0 = Debug|Any CPU
		{60979247-F2F8-40E2-7237-CE57C6F084DB}.Release|Any CPU.ActiveCfg = Release|Any CPU
		{60979247-F2F8-40E2-7237-CE57C6F084DB}.Release|Any CPU.Build.0 = Release|Any CPU
	EndGlobalSection
	GlobalSection(SolutionProperties) = preSolution
		HideSolutionNode = FALSE
	EndGlobalSection
	GlobalSection(ExtensibilityGlobals) = postSolution
		SolutionGuid = {3F60EEB8-E646-4D56-AB68-5A0574F547EB}
	EndGlobalSection
EndGlobal
